{
  "meteor": {},
  "dependencies": {
    "basePackages": {
      "bootstrap-3": {},
      "cheerio": {}
    },
    "packages": {
      "bootstrap-3": {
        "git": "https://github.com/mangasocial/meteor-bootstrap-3.git",
        "tag": "v3.1.1-1",
        "commit": "63dd38968828bb8963636df93e9a1c45e2dfe67e"
      },
      "cheerio": {
        "git": "https://github.com/andreioprisan/meteor-cheerio.git",
        "tag": "v0.3.2",
        "commit": "f7b7b8c4ad4dbac7e9b34a4b110150cd5ec95bae"
      }
    }
  }
}
